
Microsoft Visual Studio Solution File, Format Version 12.00
# Visual Studio Version 17
VisualStudioVersion = 17.7.34024.191
MinimumVisualStudioVersion = 10.0.40219.1
Project("{FAE04EC0-301F-11D3-BF4B-00C04F79EFBC}") = "VacationChecklist", "VacationChecklist\VacationChecklist.csproj", "{9D28341F-F0D2-4F12-9F75-3D05A23AF7EC}"
EndProject
Global
	GlobalSection(SolutionConfigurationPlatforms) = preSolution
		Debug|Any CPU = Debug|Any CPU
		Release|Any CPU = Release|Any CPU
	EndGlobalSection
	GlobalSection(ProjectConfigurationPlatforms) = postSolution
		{9D28341F-F0D2-4F12-9F75-3D05A23AF7EC}.Debug|Any CPU.ActiveCfg = Debug|Any CPU
		{9D28341F-F0D2-4F12-9F75-3D05A23AF7EC}.Debug|Any CPU.Build.0 = Debug|Any CPU
		{9D28341F-F0D2-4F12-9F75-3D05A23AF7EC}.Release|Any CPU.ActiveCfg = Release|Any CPU
		{9D28341F-F0D2-4F12-9F75-3D05A23AF7EC}.Release|Any CPU.Build.0 = Release|Any CPU
	EndGlobalSection
	GlobalSection(SolutionProperties) = preSolution
		HideSolutionNode = FALSE
	EndGlobalSection
	GlobalSection(ExtensibilityGlobals) = postSolution
		SolutionGuid = {B956F741-238C-4EDA-836E-7FE3EB609509}
	EndGlobalSection
EndGlobal
